// !$*UTF8*$!
{
	archiveVersion = 1;
	classes = {
	};
	objectVersion = 56;
	objects = {

/* Begin PBXBuildFile section */
		015747112C400FCE0002C938 /* quotes.txt in Resources */ = {isa = PBXBuildFile; fileRef = 015747102C400FCE0002C938 /* quotes.txt */; };
		01AEF2DF2C307B8B0036E577 /* CheerioApp.swift in Sources */ = {isa = PBXBuildFile; fileRef = 01AEF2DE2C307B8B0036E577 /* CheerioApp.swift */; };
		01AEF2E12C307B8B0036E577 /* ContentView.swift in Sources */ = {isa = PBXBuildFile; fileRef = 01AEF2E02C307B8B0036E577 /* ContentView.swift */; };
		01AEF2E32C307B8C0036E577 /* Assets.xcassets in Resources */ = {isa = PBXBuildFile; fileRef = 01AEF2E22C307B8C0036E577 /* Assets.xcassets */; };
		01AEF2E62C307B8C0036E577 /* Preview Assets.xcassets in Resources */ = {isa = PBXBuildFile; fileRef = 01AEF2E52C307B8C0036E577 /* Preview Assets.xcassets */; };
		01AEF2F82C3098070036E577 /* WidgetKit.framework in Frameworks */ = {isa = PBXBuildFile; fileRef = 01AEF2F72C3098070036E577 /* WidgetKit.framework */; };
		01AEF2FA2C3098070036E577 /* SwiftUI.framework in Frameworks */ = {isa = PBXBuildFile; fileRef = 01AEF2F92C3098070036E577 /* SwiftUI.framework */; };
		01AEF2FD2C3098070036E577 /* DailyCheerioBundle.swift in Sources */ = {isa = PBXBuildFile; fileRef = 01AEF2FC2C3098070036E577 /* DailyCheerioBundle.swift */; };
		01AEF2FF2C3098070036E577 /* DailyCheerio.swift in Sources */ = {isa = PBXBuildFile; fileRef = 01AEF2FE2C3098070036E577 /* DailyCheerio.swift */; };
		01AEF3012C3098070036E577 /* AppIntent.swift in Sources */ = {isa = PBXBuildFile; fileRef = 01AEF3002C3098070036E577 /* AppIntent.swift */; };
		01AEF3032C3098080036E577 /* Assets.xcassets in Resources */ = {isa = PBXBuildFile; fileRef = 01AEF3022C3098080036E577 /* Assets.xcassets */; };
		01AEF3082C3098080036E577 /* DailyCheerioExtension.appex in Embed Foundation Extensions */ = {isa = PBXBuildFile; fileRef = 01AEF2F62C3098070036E577 /* DailyCheerioExtension.appex */; settings = {ATTRIBUTES = (RemoveHeadersOnCopy, ); }; };
/* End PBXBuildFile section */

/* Begin PBXContainerItemProxy section */
		01AEF3062C3098080036E577 /* PBXContainerItemProxy */ = {
			isa = PBXContainerItemProxy;
			containerPortal = 01AEF2D32C307B8B0036E577 /* Project object */;
			proxyType = 1;
			remoteGlobalIDString = 01AEF2F52C3098070036E577;
			remoteInfo = DailyCheerioExtension;
		};
/* End PBXContainerItemProxy section */

/* Begin PBXCopyFilesBuildPhase section */
		01AEF30C2C3098080036E577 /* Embed Foundation Extensions */ = {
			isa = PBXCopyFilesBuildPhase;
			buildActionMask = 2147483647;
			dstPath = "";
			dstSubfolderSpec = 13;
			files = (
				01AEF3082C3098080036E577 /* DailyCheerioExtension.appex in Embed Foundation Extensions */,
			);
			name = "Embed Foundation Extensions";
			runOnlyForDeploymentPostprocessing = 0;
		};
/* End PBXCopyFilesBuildPhase section */

/* Begin PBXFileReference section */
		013FF2B22C30C31E00505D1D /* Info.plist */ = {isa = PBXFileReference; lastKnownFileType = text.plist; path = Info.plist; sourceTree = "<group>"; };
		015747102C400FCE0002C938 /* quotes.txt */ = {isa = PBXFileReference; fileEncoding = 4; lastKnownFileType = text; path = quotes.txt; sourceTree = "<group>"; };
		01AEF2DB2C307B8B0036E577 /* Cheerio.app */ = {isa = PBXFileReference; explicitFileType = wrapper.application; includeInIndex = 0; path = Cheerio.app; sourceTree = BUILT_PRODUCTS_DIR; };
		01AEF2DE2C307B8B0036E577 /* CheerioApp.swift */ = {isa = PBXFileReference; lastKnownFileType = sourcecode.swift; path = CheerioApp.swift; sourceTree = "<group>"; };
		01AEF2E02C307B8B0036E577 /* ContentView.swift */ = {isa = PBXFileReference; lastKnownFileType = sourcecode.swift; path = ContentView.swift; sourceTree = "<group>"; };
		01AEF2E22C307B8C0036E577 /* Assets.xcassets */ = {isa = PBXFileReference; lastKnownFileType = folder.assetcatalog; path = Assets.xcassets; sourceTree = "<group>"; };
		01AEF2E52C307B8C0036E577 /* Preview Assets.xcassets */ = {isa = PBXFileReference; lastKnownFileType = folder.assetcatalog; path = "Preview Assets.xcassets"; sourceTree = "<group>"; };
		01AEF2E72C307B8C0036E577 /* Cheerio.entitlements */ = {isa = PBXFileReference; lastKnownFileType = text.plist.entitlements; path = Cheerio.entitlements; sourceTree = "<group>"; };
		01AEF2F62C3098070036E577 /* DailyCheerioExtension.appex */ = {isa = PBXFileReference; explicitFileType = "wrapper.app-extension"; includeInIndex = 0; path = DailyCheerioExtension.appex; sourceTree = BUILT_PRODUCTS_DIR; };
		01AEF2F72C3098070036E577 /* WidgetKit.framework */ = {isa = PBXFileReference; lastKnownFileType = wrapper.framework; name = WidgetKit.framework; path = System/Library/Frameworks/WidgetKit.framework; sourceTree = SDKROOT; };
		01AEF2F92C3098070036E577 /* SwiftUI.framework */ = {isa = PBXFileReference; lastKnownFileType = wrapper.framework; name = SwiftUI.framework; path = System/Library/Frameworks/SwiftUI.framework; sourceTree = SDKROOT; };
		01AEF2FC2C3098070036E577 /* DailyCheerioBundle.swift */ = {isa = PBXFileReference; lastKnownFileType = sourcecode.swift; path = DailyCheerioBundle.swift; sourceTree = "<group>"; };
		01AEF2FE2C3098070036E577 /* DailyCheerio.swift */ = {isa = PBXFileReference; lastKnownFileType = sourcecode.swift; path = DailyCheerio.swift; sourceTree = "<group>"; };
		01AEF3002C3098070036E577 /* AppIntent.swift */ = {isa = PBXFileReference; lastKnownFileType = sourcecode.swift; path = AppIntent.swift; sourceTree = "<group>"; };
		01AEF3022C3098080036E577 /* Assets.xcassets */ = {isa = PBXFileReference; lastKnownFileType = folder.assetcatalog; path = Assets.xcassets; sourceTree = "<group>"; };
		01AEF3042C3098080036E577 /* Info.plist */ = {isa = PBXFileReference; lastKnownFileType = text.plist.xml; path = Info.plist; sourceTree = "<group>"; };
		01AEF3052C3098080036E577 /* DailyCheerio.entitlements */ = {isa = PBXFileReference; lastKnownFileType = text.plist.entitlements; path = DailyCheerio.entitlements; sourceTree = "<group>"; };
/* End PBXFileReference section */

/* Begin PBXFrameworksBuildPhase section */
		01AEF2D82C307B8B0036E577 /* Frameworks */ = {
			isa = PBXFrameworksBuildPhase;
			buildActionMask = 2147483647;
			files = (
			);
			runOnlyForDeploymentPostprocessing = 0;
		};
		01AEF2F32C3098070036E577 /* Frameworks */ = {
			isa = PBXFrameworksBuildPhase;
			buildActionMask = 2147483647;
			files = (
				01AEF2FA2C3098070036E577 /* SwiftUI.framework in Frameworks */,
				01AEF2F82C3098070036E577 /* WidgetKit.framework in Frameworks */,
			);
			runOnlyForDeploymentPostprocessing = 0;
		};
/* End PBXFrameworksBuildPhase section */

/* Begin PBXGroup section */
		01AEF2D22C307B8B0036E577 = {
			isa = PBXGroup;
			children = (
				01AEF2DD2C307B8B0036E577 /* Cheerio */,
				01AEF2FB2C3098070036E577 /* DailyCheerio */,
				01AEF2DC2C307B8B0036E577 /* Products */,
				01AEF2ED2C307DAD0036E577 /* Frameworks */,
			);
			sourceTree = "<group>";
		};
		01AEF2DC2C307B8B0036E577 /* Products */ = {
			isa = PBXGroup;
			children = (
				01AEF2DB2C307B8B0036E577 /* Cheerio.app */,
				01AEF2F62C3098070036E577 /* DailyCheerioExtension.appex */,
			);
			name = Products;
			sourceTree = "<group>";
		};
		01AEF2DD2C307B8B0036E577 /* Cheerio */ = {
			isa = PBXGroup;
			children = (
				015747102C400FCE0002C938 /* quotes.txt */,
				013FF2B22C30C31E00505D1D /* Info.plist */,
				01AEF2DE2C307B8B0036E577 /* CheerioApp.swift */,
				01AEF2E02C307B8B0036E577 /* ContentView.swift */,
				01AEF2E22C307B8C0036E577 /* Assets.xcassets */,
				01AEF2E72C307B8C0036E577 /* Cheerio.entitlements */,
				01AEF2E42C307B8C0036E577 /* Preview Content */,
			);
			path = Cheerio;
			sourceTree = "<group>";
		};
		01AEF2E42C307B8C0036E577 /* Preview Content */ = {
			isa = PBXGroup;
			children = (
				01AEF2E52C307B8C0036E577 /* Preview Assets.xcassets */,
			);
			path = "Preview Content";
			sourceTree = "<group>";
		};
		01AEF2ED2C307DAD0036E577 /* Frameworks */ = {
			isa = PBXGroup;
			children = (
				01AEF2F72C3098070036E577 /* WidgetKit.framework */,
				01AEF2F92C3098070036E577 /* SwiftUI.framework */,
			);
			name = Frameworks;
			sourceTree = "<group>";
		};
		01AEF2FB2C3098070036E577 /* DailyCheerio */ = {
			isa = PBXGroup;
			children = (
				01AEF2FC2C3098070036E577 /* DailyCheerioBundle.swift */,
				01AEF2FE2C3098070036E577 /* DailyCheerio.swift */,
				01AEF3002C3098070036E577 /* AppIntent.swift */,
				01AEF3022C3098080036E577 /* Assets.xcassets */,
				01AEF3042C3098080036E577 /* Info.plist */,
				01AEF3052C3098080036E577 /* DailyCheerio.entitlements */,
			);
			path = DailyCheerio;
			sourceTree = "<group>";
		};
/* End PBXGroup section */

/* Begin PBXNativeTarget section */
		01AEF2DA2C307B8B0036E577 /* Cheerio */ = {
			isa = PBXNativeTarget;
			buildConfigurationList = 01AEF2EA2C307B8C0036E577 /* Build configuration list for PBXNativeTarget "Cheerio" */;
			buildPhases = (
				01AEF2D72C307B8B0036E577 /* Sources */,
				01AEF2D82C307B8B0036E577 /* Frameworks */,
				01AEF2D92C307B8B0036E577 /* Resources */,
				01AEF30C2C3098080036E577 /* Embed Foundation Extensions */,
			);
			buildRules = (
			);
			dependencies = (
				01AEF3072C3098080036E577 /* PBXTargetDependency */,
			);
			name = Cheerio;
			productName = Cheerio;
			productReference = 01AEF2DB2C307B8B0036E577 /* Cheerio.app */;
			productType = "com.apple.product-type.application";
		};
		01AEF2F52C3098070036E577 /* DailyCheerioExtension */ = {
			isa = PBXNativeTarget;
			buildConfigurationList = 01AEF3092C3098080036E577 /* Build configuration list for PBXNativeTarget "DailyCheerioExtension" */;
			buildPhases = (
				01AEF2F22C3098070036E577 /* Sources */,
				01AEF2F32C3098070036E577 /* Frameworks */,
				01AEF2F42C3098070036E577 /* Resources */,
			);
			buildRules = (
			);
			dependencies = (
			);
			name = DailyCheerioExtension;
			productName = DailyCheerioExtension;
			productReference = 01AEF2F62C3098070036E577 /* DailyCheerioExtension.appex */;
			productType = "com.apple.product-type.app-extension";
		};
/* End PBXNativeTarget section */

/* Begin PBXProject section */
		01AEF2D32C307B8B0036E577 /* Project object */ = {
			isa = PBXProject;
			attributes = {
				BuildIndependentTargetsInParallel = 1;
				LastSwiftUpdateCheck = 1540;
				LastUpgradeCheck = 1540;
				TargetAttributes = {
					01AEF2DA2C307B8B0036E577 = {
						CreatedOnToolsVersion = 15.4;
					};
					01AEF2F52C3098070036E577 = {
						CreatedOnToolsVersion = 15.4;
					};
				};
			};
			buildConfigurationList = 01AEF2D62C307B8B0036E577 /* Build configuration list for PBXProject "Cheerio" */;
			compatibilityVersion = "Xcode 14.0";
			developmentRegion = en;
			hasScannedForEncodings = 0;
			knownRegions = (
				en,
				Base,
			);
			mainGroup = 01AEF2D22C307B8B0036E577;
			productRefGroup = 01AEF2DC2C307B8B0036E577 /* Products */;
			projectDirPath = "";
			projectRoot = "";
			targets = (
				01AEF2DA2C307B8B0036E577 /* Cheerio */,
				01AEF2F52C3098070036E577 /* DailyCheerioExtension */,
			);
		};
/* End PBXProject section */

/* Begin PBXResourcesBuildPhase section */
		01AEF2D92C307B8B0036E577 /* Resources */ = {
			isa = PBXResourcesBuildPhase;
			buildActionMask = 2147483647;
			files = (
				01AEF2E62C307B8C0036E577 /* Preview Assets.xcassets in Resources */,
				01AEF2E32C307B8C0036E577 /* Assets.xcassets in Resources */,
				015747112C400FCE0002C938 /* quotes.txt in Resources */,
			);
			runOnlyForDeploymentPostprocessing = 0;
		};
		01AEF2F42C3098070036E577 /* Resources */ = {
			isa = PBXResourcesBuildPhase;
			buildActionMask = 2147483647;
			files = (
				01AEF3032C3098080036E577 /* Assets.xcassets in Resources */,
			);
			runOnlyForDeploymentPostprocessing = 0;
		};
/* End PBXResourcesBuildPhase section */

/* Begin PBXSourcesBuildPhase section */
		01AEF2D72C307B8B0036E577 /* Sources */ = {
			isa = PBXSourcesBuildPhase;
			buildActionMask = 2147483647;
			files = (
				01AEF2E12C307B8B0036E577 /* ContentView.swift in Sources */,
				01AEF2DF2C307B8B0036E577 /* CheerioApp.swift in Sources */,
			);
			runOnlyForDeploymentPostprocessing = 0;
		};
		01AEF2F22C3098070036E577 /* Sources */ = {
			isa = PBXSourcesBuildPhase;
			buildActionMask = 2147483647;
			files = (
				01AEF2FD2C3098070036E577 /* DailyCheerioBundle.swift in Sources */,
				01AEF2FF2C3098070036E577 /* DailyCheerio.swift in Sources */,
				01AEF3012C3098070036E577 /* AppIntent.swift in Sources */,
			);
			runOnlyForDeploymentPostprocessing = 0;
		};
/* End PBXSourcesBuildPhase section */

/* Begin PBXTargetDependency section */
		01AEF3072C3098080036E577 /* PBXTargetDependency */ = {
			isa = PBXTargetDependency;
			target = 01AEF2F52C3098070036E577 /* DailyCheerioExtension */;
			targetProxy = 01AEF3062C3098080036E577 /* PBXContainerItemProxy */;
		};
/* End PBXTargetDependency section */

/* Begin XCBuildConfiguration section */
		01AEF2E82C307B8C0036E577 /* Debug */ = {
			isa = XCBuildConfiguration;
			buildSettings = {
				ALWAYS_SEARCH_USER_PATHS = NO;
				ASSETCATALOG_COMPILER_GENERATE_SWIFT_ASSET_SYMBOL_EXTENSIONS = YES;
				CLANG_ANALYZER_NONNULL = YES;
				CLANG_ANALYZER_NUMBER_OBJECT_CONVERSION = YES_AGGRESSIVE;
				CLANG_CXX_LANGUAGE_STANDARD = "gnu++20";
				CLANG_ENABLE_MODULES = YES;
				CLANG_ENABLE_OBJC_ARC = YES;
				CLANG_ENABLE_OBJC_WEAK = YES;
				CLANG_WARN_BLOCK_CAPTURE_AUTORELEASING = YES;
				CLANG_WARN_BOOL_CONVERSION = YES;
				CLANG_WARN_COMMA = YES;
				CLANG_WARN_CONSTANT_CONVERSION = YES;
				CLANG_WARN_DEPRECATED_OBJC_IMPLEMENTATIONS = YES;
				CLANG_WARN_DIRECT_OBJC_ISA_USAGE = YES_ERROR;
				CLANG_WARN_DOCUMENTATION_COMMENTS = YES;
				CLANG_WARN_EMPTY_BODY = YES;
				CLANG_WARN_ENUM_CONVERSION = YES;
				CLANG_WARN_INFINITE_RECURSION = YES;
				CLANG_WARN_INT_CONVERSION = YES;
				CLANG_WARN_NON_LITERAL_NULL_CONVERSION = YES;
				CLANG_WARN_OBJC_IMPLICIT_RETAIN_SELF = YES;
				CLANG_WARN_OBJC_LITERAL_CONVERSION = YES;
				CLANG_WARN_OBJC_ROOT_CLASS = YES_ERROR;
				CLANG_WARN_QUOTED_INCLUDE_IN_FRAMEWORK_HEADER = YES;
				CLANG_WARN_RANGE_LOOP_ANALYSIS = YES;
				CLANG_WARN_STRICT_PROTOTYPES = YES;
				CLANG_WARN_SUSPICIOUS_MOVE = YES;
				CLANG_WARN_UNGUARDED_AVAILABILITY = YES_AGGRESSIVE;
				CLANG_WARN_UNREACHABLE_CODE = YES;
				CLANG_WARN__DUPLICATE_METHOD_MATCH = YES;
				COPY_PHASE_STRIP = NO;
				DEBUG_INFORMATION_FORMAT = dwarf;
				ENABLE_STRICT_OBJC_MSGSEND = YES;
				ENABLE_TESTABILITY = YES;
				ENABLE_USER_SCRIPT_SANDBOXING = YES;
				GCC_C_LANGUAGE_STANDARD = gnu17;
				GCC_DYNAMIC_NO_PIC = NO;
				GCC_NO_COMMON_BLOCKS = YES;
				GCC_OPTIMIZATION_LEVEL = 0;
				GCC_PREPROCESSOR_DEFINITIONS = (
					"DEBUG=1",
					"$(inherited)",
				);
				GCC_WARN_64_TO_32_BIT_CONVERSION = YES;
				GCC_WARN_ABOUT_RETURN_TYPE = YES_ERROR;
				GCC_WARN_UNDECLARED_SELECTOR = YES;
				GCC_WARN_UNINITIALIZED_AUTOS = YES_AGGRESSIVE;
				GCC_WARN_UNUSED_FUNCTION = YES;
				GCC_WARN_UNUSED_VARIABLE = YES;
				LOCALIZATION_PREFERS_STRING_CATALOGS = YES;
				MACOSX_DEPLOYMENT_TARGET = 14.5;
				MTL_ENABLE_DEBUG_INFO = INCLUDE_SOURCE;
				MTL_FAST_MATH = YES;
				ONLY_ACTIVE_ARCH = YES;
				SDKROOT = macosx;
				SWIFT_ACTIVE_COMPILATION_CONDITIONS = "DEBUG $(inherited)";
				SWIFT_OPTIMIZATION_LEVEL = "-Onone";
			};
			name = Debug;
		};
		01AEF2E92C307B8C0036E577 /* Release */ = {
			isa = XCBuildConfiguration;
			buildSettings = {
				ALWAYS_SEARCH_USER_PATHS = NO;
				ASSETCATALOG_COMPILER_GENERATE_SWIFT_ASSET_SYMBOL_EXTENSIONS = YES;
				CLANG_ANALYZER_NONNULL = YES;
				CLANG_ANALYZER_NUMBER_OBJECT_CONVERSION = YES_AGGRESSIVE;
				CLANG_CXX_LANGUAGE_STANDARD = "gnu++20";
				CLANG_ENABLE_MODULES = YES;
				CLANG_ENABLE_OBJC_ARC = YES;
				CLANG_ENABLE_OBJC_WEAK = YES;
				CLANG_WARN_BLOCK_CAPTURE_AUTORELEASING = YES;
				CLANG_WARN_BOOL_CONVERSION = YES;
				CLANG_WARN_COMMA = YES;
				CLANG_WARN_CONSTANT_CONVERSION = YES;
				CLANG_WARN_DEPRECATED_OBJC_IMPLEMENTATIONS = YES;
				CLANG_WARN_DIRECT_OBJC_ISA_USAGE = YES_ERROR;
				CLANG_WARN_DOCUMENTATION_COMMENTS = YES;
				CLANG_WARN_EMPTY_BODY = YES;
				CLANG_WARN_ENUM_CONVERSION = YES;
				CLANG_WARN_INFINITE_RECURSION = YES;
				CLANG_WARN_INT_CONVERSION = YES;
				CLANG_WARN_NON_LITERAL_NULL_CONVERSION = YES;
				CLANG_WARN_OBJC_IMPLICIT_RETAIN_SELF = YES;
				CLANG_WARN_OBJC_LITERAL_CONVERSION = YES;
				CLANG_WARN_OBJC_ROOT_CLASS = YES_ERROR;
				CLANG_WARN_QUOTED_INCLUDE_IN_FRAMEWORK_HEADER = YES;
				CLANG_WARN_RANGE_LOOP_ANALYSIS = YES;
				CLANG_WARN_STRICT_PROTOTYPES = YES;
				CLANG_WARN_SUSPICIOUS_MOVE = YES;
				CLANG_WARN_UNGUARDED_AVAILABILITY = YES_AGGRESSIVE;
				CLANG_WARN_UNREACHABLE_CODE = YES;
				CLANG_WARN__DUPLICATE_METHOD_MATCH = YES;
				COPY_PHASE_STRIP = NO;
				DEBUG_INFORMATION_FORMAT = "dwarf-with-dsym";
				ENABLE_NS_ASSERTIONS = NO;
				ENABLE_STRICT_OBJC_MSGSEND = YES;
				ENABLE_USER_SCRIPT_SANDBOXING = YES;
				GCC_C_LANGUAGE_STANDARD = gnu17;
				GCC_NO_COMMON_BLOCKS = YES;
				GCC_WARN_64_TO_32_BIT_CONVERSION = YES;
				GCC_WARN_ABOUT_RETURN_TYPE = YES_ERROR;
				GCC_WARN_UNDECLARED_SELECTOR = YES;
				GCC_WARN_UNINITIALIZED_AUTOS = YES_AGGRESSIVE;
				GCC_WARN_UNUSED_FUNCTION = YES;
				GCC_WARN_UNUSED_VARIABLE = YES;
				LOCALIZATION_PREFERS_STRING_CATALOGS = YES;
				MACOSX_DEPLOYMENT_TARGET = 14.5;
				MTL_ENABLE_DEBUG_INFO = NO;
				MTL_FAST_MATH = YES;
				SDKROOT = macosx;
				SWIFT_COMPILATION_MODE = wholemodule;
			};
			name = Release;
		};
		01AEF2EB2C307B8C0036E577 /* Debug */ = {
			isa = XCBuildConfiguration;
			buildSettings = {
				ALWAYS_EMBED_SWIFT_STANDARD_LIBRARIES = YES;
				ASSETCATALOG_COMPILER_APPICON_NAME = AppIcon;
				ASSETCATALOG_COMPILER_GLOBAL_ACCENT_COLOR_NAME = AccentColor;
				ASSETCATALOG_COMPILER_INCLUDE_ALL_APPICON_ASSETS = YES;
				CODE_SIGN_ENTITLEMENTS = Cheerio/Cheerio.entitlements;
				"CODE_SIGN_IDENTITY[sdk=macosx*]" = "-";
				CODE_SIGN_STYLE = Automatic;
				COMBINE_HIDPI_IMAGES = YES;
				CURRENT_PROJECT_VERSION = 1;
				DEVELOPMENT_ASSET_PATHS = "\"Cheerio/Preview Content\"";
				DEVELOPMENT_TEAM = "";
				ENABLE_HARDENED_RUNTIME = NO;
				ENABLE_PREVIEWS = YES;
				GENERATE_INFOPLIST_FILE = YES;
				INFOPLIST_FILE = Cheerio/Info.plist;
				INFOPLIST_KEY_CFBundleDisplayName = Cheerio;
				INFOPLIST_KEY_LSApplicationCategoryType = "public.app-category.lifestyle";
				INFOPLIST_KEY_NSHumanReadableCopyright = "";
				LD_RUNPATH_SEARCH_PATHS = (
					"$(inherited)",
					"@executable_path/../Frameworks",
				);
				MACOSX_DEPLOYMENT_TARGET = 14.0;
				MARKETING_VERSION = 1.0;
				PRODUCT_BUNDLE_IDENTIFIER = com.text.Cheerio;
				PRODUCT_NAME = "$(TARGET_NAME)";
				SWIFT_EMIT_LOC_STRINGS = YES;
				SWIFT_VERSION = 5.0;
			};
			name = Debug;
		};
		01AEF2EC2C307B8C0036E577 /* Release */ = {
			isa = XCBuildConfiguration;
			buildSettings = {
				ALWAYS_EMBED_SWIFT_STANDARD_LIBRARIES = YES;
				ASSETCATALOG_COMPILER_APPICON_NAME = AppIcon;
				ASSETCATALOG_COMPILER_GLOBAL_ACCENT_COLOR_NAME = AccentColor;
				ASSETCATALOG_COMPILER_INCLUDE_ALL_APPICON_ASSETS = YES;
				CODE_SIGN_ENTITLEMENTS = Cheerio/Cheerio.entitlements;
				"CODE_SIGN_IDENTITY[sdk=macosx*]" = "-";
				CODE_SIGN_STYLE = Automatic;
				COMBINE_HIDPI_IMAGES = YES;
				CURRENT_PROJECT_VERSION = 1;
				DEVELOPMENT_ASSET_PATHS = "\"Cheerio/Preview Content\"";
				DEVELOPMENT_TEAM = "";
				ENABLE_HARDENED_RUNTIME = NO;
				ENABLE_PREVIEWS = YES;
				GENERATE_INFOPLIST_FILE = YES;
				INFOPLIST_FILE = Cheerio/Info.plist;
				INFOPLIST_KEY_CFBundleDisplayName = Cheerio;
				INFOPLIST_KEY_LSApplicationCategoryType = "public.app-category.lifestyle";
				INFOPLIST_KEY_NSHumanReadableCopyright = "";
				LD_RUNPATH_SEARCH_PATHS = (
					"$(inherited)",
					"@executable_path/../Frameworks",
				);
				MACOSX_DEPLOYMENT_TARGET = 14.0;
				MARKETING_VERSION = 1.0;
				PRODUCT_BUNDLE_IDENTIFIER = com.text.Cheerio;
				PRODUCT_NAME = "$(TARGET_NAME)";
				SWIFT_EMIT_LOC_STRINGS = YES;
				SWIFT_VERSION = 5.0;
			};
			name = Release;
		};
		01AEF30A2C3098080036E577 /* Debug */ = {
			isa = XCBuildConfiguration;
			buildSettings = {
				ASSETCATALOG_COMPILER_GLOBAL_ACCENT_COLOR_NAME = AccentColor;
				ASSETCATALOG_COMPILER_WIDGET_BACKGROUND_COLOR_NAME = WidgetBackground;
				CODE_SIGN_ENTITLEMENTS = DailyCheerio/DailyCheerio.entitlements;
				"CODE_SIGN_IDENTITY[sdk=macosx*]" = "-";
				CODE_SIGN_STYLE = Automatic;
				CURRENT_PROJECT_VERSION = 1;
				DEVELOPMENT_TEAM = "";
				ENABLE_HARDENED_RUNTIME = NO;
				GENERATE_INFOPLIST_FILE = YES;
				INFOPLIST_FILE = DailyCheerio/Info.plist;
				INFOPLIST_KEY_CFBundleDisplayName = DailyCheerio;
				INFOPLIST_KEY_NSHumanReadableCopyright = "";
				LD_RUNPATH_SEARCH_PATHS = (
					"$(inherited)",
					"@executable_path/../Frameworks",
					"@executable_path/../../../../Frameworks",
				);
				MACOSX_DEPLOYMENT_TARGET = 14.0;
				MARKETING_VERSION = 1.0;
				PRODUCT_BUNDLE_IDENTIFIER = com.text.Cheerio.DailyCheerio;
				PRODUCT_NAME = "$(TARGET_NAME)";
				SKIP_INSTALL = YES;
				SWIFT_EMIT_LOC_STRINGS = YES;
				SWIFT_VERSION = 5.0;
			};
			name = Debug;
		};
		01AEF30B2C3098080036E577 /* Release */ = {
			isa = XCBuildConfiguration;
			buildSettings = {
				ASSETCATALOG_COMPILER_GLOBAL_ACCENT_COLOR_NAME = AccentColor;
				ASSETCATALOG_COMPILER_WIDGET_BACKGROUND_COLOR_NAME = WidgetBackground;
				CODE_SIGN_ENTITLEMENTS = DailyCheerio/DailyCheerio.entitlements;
				"CODE_SIGN_IDENTITY[sdk=macosx*]" = "-";
				CODE_SIGN_STYLE = Automatic;
				CURRENT_PROJECT_VERSION = 1;
				DEVELOPMENT_TEAM = "";
				ENABLE_HARDENED_RUNTIME = NO;
				GENERATE_INFOPLIST_FILE = YES;
				INFOPLIST_FILE = DailyCheerio/Info.plist;
				INFOPLIST_KEY_CFBundleDisplayName = DailyCheerio;
				INFOPLIST_KEY_NSHumanReadableCopyright = "";
				LD_RUNPATH_SEARCH_PATHS = (
					"$(inherited)",
					"@executable_path/../Frameworks",
					"@executable_path/../../../../Frameworks",
				);
				MACOSX_DEPLOYMENT_TARGET = 14.0;
				MARKETING_VERSION = 1.0;
				PRODUCT_BUNDLE_IDENTIFIER = com.text.Cheerio.DailyCheerio;
				PRODUCT_NAME = "$(TARGET_NAME)";
				SKIP_INSTALL = YES;
				SWIFT_EMIT_LOC_STRINGS = YES;
				SWIFT_VERSION = 5.0;
			};
			name = Release;
		};
/* End XCBuildConfiguration section */

/* Begin XCConfigurationList section */
		01AEF2D62C307B8B0036E577 /* Build configuration list for PBXProject "Cheerio" */ = {
			isa = XCConfigurationList;
			buildConfigurations = (
				01AEF2E82C307B8C0036E577 /* Debug */,
				01AEF2E92C307B8C0036E577 /* Release */,
			);
			defaultConfigurationIsVisible = 0;
			defaultConfigurationName = Release;
		};
		01AEF2EA2C307B8C0036E577 /* Build configuration list for PBXNativeTarget "Cheerio" */ = {
			isa = XCConfigurationList;
			buildConfigurations = (
				01AEF2EB2C307B8C0036E577 /* Debug */,
				01AEF2EC2C307B8C0036E577 /* Release */,
			);
			defaultConfigurationIsVisible = 0;
			defaultConfigurationName = Release;
		};
		01AEF3092C3098080036E577 /* Build configuration list for PBXNativeTarget "DailyCheerioExtension" */ = {
			isa = XCConfigurationList;
			buildConfigurations = (
				01AEF30A2C3098080036E577 /* Debug */,
				01AEF30B2C3098080036E577 /* Release */,
			);
			defaultConfigurationIsVisible = 0;
			defaultConfigurationName = Release;
		};
/* End XCConfigurationList section */
	};
	rootObject = 01AEF2D32C307B8B0036E577 /* Project object */;
}
